PODS:
  - AliyunOSSiOS (2.10.7)
  - QQAliyunOSSiOS (0.1.0):
    - AliyunOSSiOS
    - ReactiveObjC
    - YYModel
  - ReactiveObjC (3.1.0)
  - YYModel (1.0.4)

DEPENDENCIES:
  - QQAliyunOSSiOS (from `../`)

SPEC REPOS:
  https://github.com/cocoapods/specs.git:
    - AliyunOSSiOS
    - ReactiveObjC
    - YYModel

EXTERNAL SOURCES:
  QQAliyunOSSiOS:
    :path: "../"

SPEC CHECKSUMS:
  AliyunOSSiOS: 602b6a4e70e62a5f0a6431c20496343141d7e66f
  QQAliyunOSSiOS: 0653bbe453462b8c974672ae24781135bfa84be3
  ReactiveObjC: 2a38ea15335de4119d8b17caf1db1484f61db902
  YYModel: 2a7fdd96aaa4b86a824e26d0c517de8928c04b30

PODFILE CHECKSUM: c938d763125e3165553b1dd996ef8f330222c0e1

COCOAPODS: 1.5.3
